
Microsoft Visual Studio Solution File, Format Version 12.00
# Visual Studio 15
VisualStudioVersion = 15.0.27703.2035
MinimumVisualStudioVersion = 10.0.40219.1
Project("{FAE04EC0-301F-11D3-BF4B-00C04F79EFBC}") = "ASPClientSchoolApp", "ASPClientSchoolApp\ASPClientSchoolApp.csproj", "{C518DFF5-CDB0-409E-AC09-8C6E1AA4E37E}"
EndProject
Global
	GlobalSection(SolutionConfigurationPlatforms) = preSolution
		Debug|Any CPU = Debug|Any CPU
		Release|Any CPU = Release|Any CPU
	EndGlobalSection
	GlobalSection(ProjectConfigurationPlatforms) = postSolution
		{C518DFF5-CDB0-409E-AC09-8C6E1AA4E37E}.Debug|Any CPU.ActiveCfg = Debug|Any CPU
		{C518DFF5-CDB0-409E-AC09-8C6E1AA4E37E}.Debug|Any CPU.Build.0 = Debug|Any CPU
		{C518DFF5-CDB0-409E-AC09-8C6E1AA4E37E}.Release|Any CPU.ActiveCfg = Release|Any CPU
		{C518DFF5-CDB0-409E-AC09-8C6E1AA4E37E}.Release|Any CPU.Build.0 = Release|Any CPU
	EndGlobalSection
	GlobalSection(SolutionProperties) = preSolution
		HideSolutionNode = FALSE
	EndGlobalSection
	GlobalSection(ExtensibilityGlobals) = postSolution
		SolutionGuid = {1DB80DA6-80C6-4D6D-AE26-0D61E466A4E3}
	EndGlobalSection
EndGlobal
